
Microsoft Visual Studio Solution File, Format Version 12.00
# Visual Studio 15
VisualStudioVersion = 15.0.27004.2005
MinimumVisualStudioVersion = 10.0.40219.1
Project("{9A19103F-16F7-4668-BE54-9A1E7A4F7556}") = "DFA.Web", "DFA.Web\DFA.Web.csproj", "{F864CEAF-9999-4C50-83A4-1615F2CD6CBF}"
EndProject
Project("{FAE04EC0-301F-11D3-BF4B-00C04F79EFBC}") = "DFA.Common", "DFA.Common\DFA.Common.csproj", "{A04B359A-F335-4D83-A1AD-CE04A3A832E5}"
EndProject
Global
	GlobalSection(SolutionConfigurationPlatforms) = preSolution
		Debug|Any CPU = Debug|Any CPU
		Release|Any CPU = Release|Any CPU
	EndGlobalSection
	GlobalSection(ProjectConfigurationPlatforms) = postSolution
		{F864CEAF-9999-4C50-83A4-1615F2CD6CBF}.Debug|Any CPU.ActiveCfg = Debug|Any CPU
		{F864CEAF-9999-4C50-83A4-1615F2CD6CBF}.Debug|Any CPU.Build.0 = Debug|Any CPU
		{F864CEAF-9999-4C50-83A4-1615F2CD6CBF}.Release|Any CPU.ActiveCfg = Release|Any CPU
		{F864CEAF-9999-4C50-83A4-1615F2CD6CBF}.Release|Any CPU.Build.0 = Release|Any CPU
		{A04B359A-F335-4D83-A1AD-CE04A3A832E5}.Debug|Any CPU.ActiveCfg = Debug|Any CPU
		{A04B359A-F335-4D83-A1AD-CE04A3A832E5}.Debug|Any CPU.Build.0 = Debug|Any CPU
		{A04B359A-F335-4D83-A1AD-CE04A3A832E5}.Release|Any CPU.ActiveCfg = Release|Any CPU
		{A04B359A-F335-4D83-A1AD-CE04A3A832E5}.Release|Any CPU.Build.0 = Release|Any CPU
	EndGlobalSection
	GlobalSection(SolutionProperties) = preSolution
		HideSolutionNode = FALSE
	EndGlobalSection
	GlobalSection(ExtensibilityGlobals) = postSolution
		SolutionGuid = {A2C217D9-FDCF-4E10-8943-0EF96D27A881}
	EndGlobalSection
EndGlobal
